
Microsoft Visual Studio Solution File, Format Version 12.00
# Visual Studio 2013
VisualStudioVersion = 12.0.31101.0
MinimumVisualStudioVersion = 10.0.40219.1
Project("{888888A0-9F3D-457C-B088-3A5042F75D52}") = "TemperatureControl", "TemperatureControl\TemperatureControl.pyproj", "{994B6BB9-23A7-43F3-BE96-A0CE42B9AB7D}"
EndProject
Global
	GlobalSection(SolutionConfigurationPlatforms) = preSolution
		Debug|Any CPU = Debug|Any CPU
		Release|Any CPU = Release|Any CPU
	EndGlobalSection
	GlobalSection(ProjectConfigurationPlatforms) = postSolution
		{994B6BB9-23A7-43F3-BE96-A0CE42B9AB7D}.Debug|Any CPU.ActiveCfg = Debug|Any CPU
		{994B6BB9-23A7-43F3-BE96-A0CE42B9AB7D}.Release|Any CPU.ActiveCfg = Release|Any CPU
	EndGlobalSection
	GlobalSection(SolutionProperties) = preSolution
		HideSolutionNode = FALSE
	EndGlobalSection
EndGlobal
